{
  "name": "cli-kitt",
  "version": "1.0.0",
  "lockfileVersion": 3,
  "requires": true,
  "packages": {
    "": {
      "name": "cli-kitt",
      "version": "1.0.0",
      "license": "MIT",
      "dependencies": {
        "hash-arg": "^1.0.7"
      }
    },
    "node_modules/hash-arg": {
      "version": "1.0.7",
      "resolved": "https://registry.npmjs.org/hash-arg/-/hash-arg-1.0.7.tgz",
      "integrity": "sha512-1JHZPoC7YgKNVaPnhkQyHutva5J0lQjaiXkwZCgIuGNOH/k+V+XYLNY+337M4Gd5gAANHGAT3ZV8gCtJY7GGoA==",
      "engines": {
        "node": ">=8.17.0",
        "npm": ">=6.13.4"
      }
    }
  }
}
